
Microsoft Visual Studio Solution File, Format Version 12.00
# Visual Studio Version 16
VisualStudioVersion = 16.0.28803.352
MinimumVisualStudioVersion = 10.0.40219.1
Project("{9A19103F-16F7-4668-BE54-9A1E7A4F7556}") = "TelegramBots", "TelegramBots\TelegramBots.csproj", "{C09B9995-D625-4DFB-A341-A62F5B9A1C9A}"
EndProject
Project("{9A19103F-16F7-4668-BE54-9A1E7A4F7556}") = "TelegramBotsApp", "TelegramBotsApp\TelegramBotsApp.csproj", "{99C1181D-F9E5-4288-A1F7-4AEEDD090A7F}"
EndProject
Project("{9A19103F-16F7-4668-BE54-9A1E7A4F7556}") = "UnifiApi", "..\UnifiClient\UnifiClient\UnifiApi\UnifiApi.csproj", "{32B902F2-EED4-4BFA-AA90-C34C5DC0C488}"
EndProject
Global
	GlobalSection(SolutionConfigurationPlatforms) = preSolution
		Debug|Any CPU = Debug|Any CPU
		Release|Any CPU = Release|Any CPU
	EndGlobalSection
	GlobalSection(ProjectConfigurationPlatforms) = postSolution
		{C09B9995-D625-4DFB-A341-A62F5B9A1C9A}.Debug|Any CPU.ActiveCfg = Debug|Any CPU
		{C09B9995-D625-4DFB-A341-A62F5B9A1C9A}.Debug|Any CPU.Build.0 = Debug|Any CPU
		{C09B9995-D625-4DFB-A341-A62F5B9A1C9A}.Release|Any CPU.ActiveCfg = Release|Any CPU
		{C09B9995-D625-4DFB-A341-A62F5B9A1C9A}.Release|Any CPU.Build.0 = Release|Any CPU
		{99C1181D-F9E5-4288-A1F7-4AEEDD090A7F}.Debug|Any CPU.ActiveCfg = Debug|Any CPU
		{99C1181D-F9E5-4288-A1F7-4AEEDD090A7F}.Debug|Any CPU.Build.0 = Debug|Any CPU
		{99C1181D-F9E5-4288-A1F7-4AEEDD090A7F}.Release|Any CPU.ActiveCfg = Release|Any CPU
		{99C1181D-F9E5-4288-A1F7-4AEEDD090A7F}.Release|Any CPU.Build.0 = Release|Any CPU
		{32B902F2-EED4-4BFA-AA90-C34C5DC0C488}.Debug|Any CPU.ActiveCfg = Debug|Any CPU
		{32B902F2-EED4-4BFA-AA90-C34C5DC0C488}.Debug|Any CPU.Build.0 = Debug|Any CPU
		{32B902F2-EED4-4BFA-AA90-C34C5DC0C488}.Release|Any CPU.ActiveCfg = Release|Any CPU
		{32B902F2-EED4-4BFA-AA90-C34C5DC0C488}.Release|Any CPU.Build.0 = Release|Any CPU
	EndGlobalSection
	GlobalSection(SolutionProperties) = preSolution
		HideSolutionNode = FALSE
	EndGlobalSection
	GlobalSection(ExtensibilityGlobals) = postSolution
		SolutionGuid = {209E1B56-7074-4AFF-A41F-E1AD69F900FA}
	EndGlobalSection
EndGlobal
